<?xml version="1.0" encoding="utf-8"?>
<Project ToolsVersion="4.0" xmlns="http://schemas.microsoft.com/developer/msbuild/2003">
  <ItemGroup>
    <Filter Include="소스 파일">
      <UniqueIdentifier>{4FC737F1-C7A5-4376-A066-2A32D752A2FF}</UniqueIdentifier>
      <Extensions>cpp;c;cc;cxx;c++;cppm;ixx;def;odl;idl;hpj;bat;asm;asmx</Extensions>
    </Filter>
    <Filter Include="헤더 파일">
      <UniqueIdentifier>{93995380-89BD-4b04-88EB-625FBE52EBFB}</UniqueIdentifier>
      <Extensions>h;hh;hpp;hxx;h++;hm;inl;inc;ipp;xsd</Extensions>
    </Filter>
    <Filter Include="리소스 파일">
      <UniqueIdentifier>{67DA6AB6-F800-4c08-8B7A-83BB121AAD01}</UniqueIdentifier>
      <Extensions>rc;ico;cur;bmp;dlg;rc2;rct;bin;rgs;gif;jpg;jpeg;jpe;resx;tiff;tif;png;wav;mfcribbon-ms</Extensions>
    </Filter>
  </ItemGroup>
  <ItemGroup>
    <ClCompile Include="main.cpp">
      <Filter>소스 파일</Filter>
    </ClCompile>
    <ClCompile Include="Game\Game.cpp">
      <Filter>소스 파일</Filter>
    </ClCompile>
    <ClCompile Include="Game\SingleplayGame.cpp">
      <Filter>소스 파일</Filter>
    </ClCompile>
    <ClCompile Include="Level\GameplayLevel.cpp">
      <Filter>소스 파일</Filter>
    </ClCompile>
    <ClCompile Include="Level\ChessplayLevel.cpp">
      <Filter>소스 파일</Filter>
    </ClCompile>
    <ClCompile Include="Level\JanggiplayLevel.cpp">
      <Filter>소스 파일</Filter>
    </ClCompile>
    <ClCompile Include="Actor\Piece.cpp">
      <Filter>소스 파일</Filter>
    </ClCompile>
    <ClCompile Include="Actor\ChessPiece\King.cpp">
      <Filter>소스 파일</Filter>
    </ClCompile>
    <ClCompile Include="Actor\ChessPiece\Queen.cpp">
      <Filter>소스 파일</Filter>
    </ClCompile>
    <ClCompile Include="Actor\ChessPiece\Rook.cpp">
      <Filter>소스 파일</Filter>
    </ClCompile>
    <ClCompile Include="Actor\ChessPiece\Pawn.cpp">
      <Filter>소스 파일</Filter>
    </ClCompile>
    <ClCompile Include="Actor\ChessPiece\Bishop.cpp">
      <Filter>소스 파일</Filter>
    </ClCompile>
    <ClCompile Include="Actor\ChessPiece\Knight.cpp">
      <Filter>소스 파일</Filter>
    </ClCompile>
    <ClCompile Include="Actor\ChessPiece\Jester.cpp">
      <Filter>소스 파일</Filter>
    </ClCompile>
    <ClCompile Include="Actor\JanggiPiece\Horse.cpp">
      <Filter>소스 파일</Filter>
    </ClCompile>
    <ClCompile Include="Actor\JanggiPiece\Emperor.cpp">
      <Filter>소스 파일</Filter>
    </ClCompile>
    <ClCompile Include="Actor\JanggiPiece\Cannon.cpp">
      <Filter>소스 파일</Filter>
    </ClCompile>
    <ClCompile Include="Actor\JanggiPiece\Elephant.cpp">
      <Filter>소스 파일</Filter>
    </ClCompile>
    <ClCompile Include="Actor\JanggiPiece\Chariot.cpp">
      <Filter>소스 파일</Filter>
    </ClCompile>
    <ClCompile Include="Actor\JanggiPiece\Soldier.cpp">
      <Filter>소스 파일</Filter>
    </ClCompile>
    <ClCompile Include="Actor\JanggiPiece\Guard.cpp">
      <Filter>소스 파일</Filter>
    </ClCompile>
    <ClCompile Include="Actor\MovingMark\MovingMark.cpp">
      <Filter>소스 파일</Filter>
    </ClCompile>
    <ClCompile Include="Actor\Text\Text.cpp">
      <Filter>소스 파일</Filter>
    </ClCompile>
  </ItemGroup>
  <ItemGroup>
    <ClInclude Include="Game\Game.h">
      <Filter>헤더 파일</Filter>
    </ClInclude>
    <ClInclude Include="Game\SingleplayGame.h">
      <Filter>헤더 파일</Filter>
    </ClInclude>
    <ClInclude Include="Level\GameplayLevel.h">
      <Filter>헤더 파일</Filter>
    </ClInclude>
    <ClInclude Include="Level\ChessplayLevel.h">
      <Filter>헤더 파일</Filter>
    </ClInclude>
    <ClInclude Include="Level\JanggiplayLevel.h">
      <Filter>헤더 파일</Filter>
    </ClInclude>
    <ClInclude Include="Actor\Piece.h">
      <Filter>헤더 파일</Filter>
    </ClInclude>
    <ClInclude Include="Actor\ChessPiece\King.h">
      <Filter>헤더 파일</Filter>
    </ClInclude>
    <ClInclude Include="Actor\ChessPiece\Queen.h">
      <Filter>헤더 파일</Filter>
    </ClInclude>
    <ClInclude Include="Actor\ChessPiece\Rook.h">
      <Filter>헤더 파일</Filter>
    </ClInclude>
    <ClInclude Include="Actor\ChessPiece\Pawn.h">
      <Filter>헤더 파일</Filter>
    </ClInclude>
    <ClInclude Include="Actor\ChessPiece\Knight.h">
      <Filter>헤더 파일</Filter>
    </ClInclude>
    <ClInclude Include="Actor\ChessPiece\Bishop.h">
      <Filter>헤더 파일</Filter>
    </ClInclude>
    <ClInclude Include="Actor\ChessPiece\Jester.h">
      <Filter>헤더 파일</Filter>
    </ClInclude>
    <ClInclude Include="Actor\JanggiPiece\Horse.h">
      <Filter>헤더 파일</Filter>
    </ClInclude>
    <ClInclude Include="Actor\JanggiPiece\Emperor.h">
      <Filter>헤더 파일</Filter>
    </ClInclude>
    <ClInclude Include="Actor\JanggiPiece\Cannon.h">
      <Filter>헤더 파일</Filter>
    </ClInclude>
    <ClInclude Include="Actor\JanggiPiece\Elephant.h">
      <Filter>헤더 파일</Filter>
    </ClInclude>
    <ClInclude Include="Actor\JanggiPiece\Chariot.h">
      <Filter>헤더 파일</Filter>
    </ClInclude>
    <ClInclude Include="Actor\JanggiPiece\Soldier.h">
      <Filter>헤더 파일</Filter>
    </ClInclude>
    <ClInclude Include="Actor\JanggiPiece\Guard.h">
      <Filter>헤더 파일</Filter>
    </ClInclude>
    <ClInclude Include="Actor\MovingMark\MovingMark.h">
      <Filter>헤더 파일</Filter>
    </ClInclude>
    <ClInclude Include="Actor\Text\Text.h">
      <Filter>헤더 파일</Filter>
    </ClInclude>
  </ItemGroup>
</Project>